
Microsoft Visual Studio Solution File, Format Version 12.00
# Visual Studio Version 17
VisualStudioVersion = 17.3.32825.248
MinimumVisualStudioVersion = 10.0.40219.1
Project("{FAE04EC0-301F-11D3-BF4B-00C04F79EFBC}") = "Besenica", "Besenica\Besenica.csproj", "{0A24A426-C342-4C06-B98E-F3C87CE0ED4E}"
EndProject
Global
	GlobalSection(SolutionConfigurationPlatforms) = preSolution
		Debug|Any CPU = Debug|Any CPU
		Release|Any CPU = Release|Any CPU
	EndGlobalSection
	GlobalSection(ProjectConfigurationPlatforms) = postSolution
		{0A24A426-C342-4C06-B98E-F3C87CE0ED4E}.Debug|Any CPU.ActiveCfg = Debug|Any CPU
		{0A24A426-C342-4C06-B98E-F3C87CE0ED4E}.Debug|Any CPU.Build.0 = Debug|Any CPU
		{0A24A426-C342-4C06-B98E-F3C87CE0ED4E}.Release|Any CPU.ActiveCfg = Release|Any CPU
		{0A24A426-C342-4C06-B98E-F3C87CE0ED4E}.Release|Any CPU.Build.0 = Release|Any CPU
	EndGlobalSection
	GlobalSection(SolutionProperties) = preSolution
		HideSolutionNode = FALSE
	EndGlobalSection
	GlobalSection(ExtensibilityGlobals) = postSolution
		SolutionGuid = {F8297BB2-CD71-417D-B475-7623AEC66D32}
	EndGlobalSection
EndGlobal
